
Microsoft Visual Studio Solution File, Format Version 12.00
# Visual Studio Version 17
VisualStudioVersion = 17.12.35527.113 d17.12
MinimumVisualStudioVersion = 10.0.40219.1
Project("{2150E333-8FDC-42A3-9474-1A3956D46DE8}") = "src", "src", "{564535FD-7845-4845-8278-82ADABBDCC99}"
EndProject
Project("{FAE04EC0-301F-11D3-BF4B-00C04F79EFBC}") = "Travl.Api", "src\Travl.Api\Travl.Api.csproj", "{E9D2BDB4-3EFF-452D-9611-33486047DD20}"
EndProject
Global
	GlobalSection(SolutionConfigurationPlatforms) = preSolution
		Debug|Any CPU = Debug|Any CPU
		Release|Any CPU = Release|Any CPU
	EndGlobalSection
	GlobalSection(ProjectConfigurationPlatforms) = postSolution
		{E9D2BDB4-3EFF-452D-9611-33486047DD20}.Debug|Any CPU.ActiveCfg = Debug|Any CPU
		{E9D2BDB4-3EFF-452D-9611-33486047DD20}.Debug|Any CPU.Build.0 = Debug|Any CPU
		{E9D2BDB4-3EFF-452D-9611-33486047DD20}.Release|Any CPU.ActiveCfg = Release|Any CPU
		{E9D2BDB4-3EFF-452D-9611-33486047DD20}.Release|Any CPU.Build.0 = Release|Any CPU
	EndGlobalSection
	GlobalSection(SolutionProperties) = preSolution
		HideSolutionNode = FALSE
	EndGlobalSection
	GlobalSection(NestedProjects) = preSolution
		{E9D2BDB4-3EFF-452D-9611-33486047DD20} = {564535FD-7845-4845-8278-82ADABBDCC99}
	EndGlobalSection
EndGlobal
